
Microsoft Visual Studio Solution File, Format Version 12.00
# Visual Studio Version 17
VisualStudioVersion = 17.8.34316.72
MinimumVisualStudioVersion = 10.0.40219.1
Project("{FAE04EC0-301F-11D3-BF4B-00C04F79EFBC}") = "UserProvider", "UserProvider\UserProvider.csproj", "{65C9EC9B-1BC5-4B23-909D-EE2B5D3B57DA}"
EndProject
Global
	GlobalSection(SolutionConfigurationPlatforms) = preSolution
		Debug|Any CPU = Debug|Any CPU
		Release|Any CPU = Release|Any CPU
	EndGlobalSection
	GlobalSection(ProjectConfigurationPlatforms) = postSolution
		{65C9EC9B-1BC5-4B23-909D-EE2B5D3B57DA}.Debug|Any CPU.ActiveCfg = Debug|Any CPU
		{65C9EC9B-1BC5-4B23-909D-EE2B5D3B57DA}.Debug|Any CPU.Build.0 = Debug|Any CPU
		{65C9EC9B-1BC5-4B23-909D-EE2B5D3B57DA}.Release|Any CPU.ActiveCfg = Release|Any CPU
		{65C9EC9B-1BC5-4B23-909D-EE2B5D3B57DA}.Release|Any CPU.Build.0 = Release|Any CPU
	EndGlobalSection
	GlobalSection(SolutionProperties) = preSolution
		HideSolutionNode = FALSE
	EndGlobalSection
	GlobalSection(ExtensibilityGlobals) = postSolution
		SolutionGuid = {E146AEAF-965A-4072-94FB-1ECC47F64A20}
	EndGlobalSection
EndGlobal
